{
  "originHash" : "d49edc9b477599dd16e7173c0113f0852f946233bba237b0da4d1190530d82ee",
  "pins" : [
    {
      "identity" : "storehelper",
      "kind" : "remoteSourceControl",
      "location" : "https://github.com/russell-archer/StoreHelper.git",
      "state" : {
        "branch" : "main",
        "revision" : "0cf6c693f5a4cdf0a5c7008b9433267062fd4a82"
      }
    },
    {
      "identity" : "swift-collections",
      "kind" : "remoteSourceControl",
      "location" : "https://github.com/apple/swift-collections",
      "state" : {
        "revision" : "94cf62b3ba8d4bed62680a282d4c25f9c63c2efb",
        "version" : "1.1.0"
      }
    }
  ],
  "version" : 3
}
