// !$*UTF8*$!
{
	archiveVersion = 1;
	classes = {
	};
	objectVersion = 55;
	objects = {

/* Begin PBXBuildFile section */
		680910002891920300B3A842 /* StoreHelper in Frameworks */ = {isa = PBXBuildFile; productRef = 68090FFF2891920300B3A842 /* StoreHelper */; };
		686DA132279F6C3700576175 /* StoreHelperDemoApp.swift in Sources */ = {isa = PBXBuildFile; fileRef = 686DA122279F6C3600576175 /* StoreHelperDemoApp.swift */; };
		686DA133279F6C3700576175 /* StoreHelperDemoApp.swift in Sources */ = {isa = PBXBuildFile; fileRef = 686DA122279F6C3600576175 /* StoreHelperDemoApp.swift */; };
		686DA134279F6C3700576175 /* ContentView.swift in Sources */ = {isa = PBXBuildFile; fileRef = 686DA123279F6C3600576175 /* ContentView.swift */; };
		686DA135279F6C3700576175 /* ContentView.swift in Sources */ = {isa = PBXBuildFile; fileRef = 686DA123279F6C3600576175 /* ContentView.swift */; };
		686DA136279F6C3700576175 /* Assets.xcassets in Resources */ = {isa = PBXBuildFile; fileRef = 686DA124279F6C3700576175 /* Assets.xcassets */; };
		686DA137279F6C3700576175 /* Assets.xcassets in Resources */ = {isa = PBXBuildFile; fileRef = 686DA124279F6C3700576175 /* Assets.xcassets */; };
		686DA147279F6EB200576175 /* StoreKit.framework in Frameworks */ = {isa = PBXBuildFile; fileRef = 686DA146279F6EB200576175 /* StoreKit.framework */; };
		686DA149279F6EBA00576175 /* StoreKit.framework in Frameworks */ = {isa = PBXBuildFile; fileRef = 686DA148279F6EBA00576175 /* StoreKit.framework */; };
		686DA14C279F6EF700576175 /* Products.plist in Resources */ = {isa = PBXBuildFile; fileRef = 686DA14A279F6EF700576175 /* Products.plist */; };
		686DA14D279F6EF700576175 /* Products.plist in Resources */ = {isa = PBXBuildFile; fileRef = 686DA14A279F6EF700576175 /* Products.plist */; };
		686DA14E279F6EF700576175 /* Products.storekit in Resources */ = {isa = PBXBuildFile; fileRef = 686DA14B279F6EF700576175 /* Products.storekit */; };
		686DA14F279F6EF700576175 /* Products.storekit in Resources */ = {isa = PBXBuildFile; fileRef = 686DA14B279F6EF700576175 /* Products.storekit */; };
		686DA151279F6F7900576175 /* ProductInfo.swift in Sources */ = {isa = PBXBuildFile; fileRef = 686DA150279F6F7900576175 /* ProductInfo.swift */; };
		686DA152279F6F7900576175 /* ProductInfo.swift in Sources */ = {isa = PBXBuildFile; fileRef = 686DA150279F6F7900576175 /* ProductInfo.swift */; };
		6885967B27A02F9600251729 /* MainView.swift in Sources */ = {isa = PBXBuildFile; fileRef = 6885967A27A02F9600251729 /* MainView.swift */; };
		6885967C27A02F9600251729 /* MainView.swift in Sources */ = {isa = PBXBuildFile; fileRef = 6885967A27A02F9600251729 /* MainView.swift */; };
		6885967E27A0321C00251729 /* ProductView.swift in Sources */ = {isa = PBXBuildFile; fileRef = 6885967D27A0321C00251729 /* ProductView.swift */; };
		6885967F27A0321C00251729 /* ProductView.swift in Sources */ = {isa = PBXBuildFile; fileRef = 6885967D27A0321C00251729 /* ProductView.swift */; };
		68B56A58286DE2020093F3EE /* StoreHelper in Frameworks */ = {isa = PBXBuildFile; productRef = 68B56A57286DE2020093F3EE /* StoreHelper */; };
		68B56A5A286DE20F0093F3EE /* StoreHelper in Frameworks */ = {isa = PBXBuildFile; productRef = 68B56A59286DE20F0093F3EE /* StoreHelper */; };
		68B62999290060B0000843FA /* SimplePurchaseView.swift in Sources */ = {isa = PBXBuildFile; fileRef = 68B62998290060B0000843FA /* SimplePurchaseView.swift */; };
		68B6299A290060B0000843FA /* SimplePurchaseView.swift in Sources */ = {isa = PBXBuildFile; fileRef = 68B62998290060B0000843FA /* SimplePurchaseView.swift */; };
		68D231A029994CA0009F367D /* ProductConfigurationTests.swift in Sources */ = {isa = PBXBuildFile; fileRef = 68D2319D29994CA0009F367D /* ProductConfigurationTests.swift */; };
		68D231A129994CA0009F367D /* PurchaseTests.swift in Sources */ = {isa = PBXBuildFile; fileRef = 68D2319E29994CA0009F367D /* PurchaseTests.swift */; };
		68D231A229994CA0009F367D /* SubscriptionTests.swift in Sources */ = {isa = PBXBuildFile; fileRef = 68D2319F29994CA0009F367D /* SubscriptionTests.swift */; };
		68D629D42B7CF7800067ED79 /* StoreKitProductView.swift in Sources */ = {isa = PBXBuildFile; fileRef = 68D629D12B7CF7800067ED79 /* StoreKitProductView.swift */; };
		68D629D52B7CF7800067ED79 /* StoreKitProductView.swift in Sources */ = {isa = PBXBuildFile; fileRef = 68D629D12B7CF7800067ED79 /* StoreKitProductView.swift */; };
		68D629D62B7CF7800067ED79 /* StoreKitStoreView.swift in Sources */ = {isa = PBXBuildFile; fileRef = 68D629D22B7CF7800067ED79 /* StoreKitStoreView.swift */; };
		68D629D72B7CF7800067ED79 /* StoreKitStoreView.swift in Sources */ = {isa = PBXBuildFile; fileRef = 68D629D22B7CF7800067ED79 /* StoreKitStoreView.swift */; };
		68D629D82B7CF7800067ED79 /* StoreKitSubscriptionStoreView.swift in Sources */ = {isa = PBXBuildFile; fileRef = 68D629D32B7CF7800067ED79 /* StoreKitSubscriptionStoreView.swift */; };
		68D629D92B7CF7800067ED79 /* StoreKitSubscriptionStoreView.swift in Sources */ = {isa = PBXBuildFile; fileRef = 68D629D32B7CF7800067ED79 /* StoreKitSubscriptionStoreView.swift */; };
		68DB9C5F298D296400E3CE23 /* Configuration.plist in Resources */ = {isa = PBXBuildFile; fileRef = 68DB9C5E298D296400E3CE23 /* Configuration.plist */; };
		68DB9C60298D296400E3CE23 /* Configuration.plist in Resources */ = {isa = PBXBuildFile; fileRef = 68DB9C5E298D296400E3CE23 /* Configuration.plist */; };
		68E622AC27EFB88200836E6F /* SubscriptionView.swift in Sources */ = {isa = PBXBuildFile; fileRef = 68E622AB27EFB88200836E6F /* SubscriptionView.swift */; };
		68E622AD27EFB88200836E6F /* SubscriptionView.swift in Sources */ = {isa = PBXBuildFile; fileRef = 68E622AB27EFB88200836E6F /* SubscriptionView.swift */; };
/* End PBXBuildFile section */

/* Begin PBXContainerItemProxy section */
		68DB9C59298D282700E3CE23 /* PBXContainerItemProxy */ = {
			isa = PBXContainerItemProxy;
			containerPortal = 686DA11D279F6C3600576175 /* Project object */;
			proxyType = 1;
			remoteGlobalIDString = 686DA128279F6C3700576175;
			remoteInfo = "StoreHelperDemo (iOS)";
		};
/* End PBXContainerItemProxy section */

/* Begin PBXFileReference section */
		686DA122279F6C3600576175 /* StoreHelperDemoApp.swift */ = {isa = PBXFileReference; lastKnownFileType = sourcecode.swift; path = StoreHelperDemoApp.swift; sourceTree = "<group>"; };
		686DA123279F6C3600576175 /* ContentView.swift */ = {isa = PBXFileReference; lastKnownFileType = sourcecode.swift; path = ContentView.swift; sourceTree = "<group>"; };
		686DA124279F6C3700576175 /* Assets.xcassets */ = {isa = PBXFileReference; lastKnownFileType = folder.assetcatalog; path = Assets.xcassets; sourceTree = "<group>"; };
		686DA129279F6C3700576175 /* StoreHelperDemo.app */ = {isa = PBXFileReference; explicitFileType = wrapper.application; includeInIndex = 0; path = StoreHelperDemo.app; sourceTree = BUILT_PRODUCTS_DIR; };
		686DA12F279F6C3700576175 /* StoreHelperDemo.app */ = {isa = PBXFileReference; explicitFileType = wrapper.application; includeInIndex = 0; path = StoreHelperDemo.app; sourceTree = BUILT_PRODUCTS_DIR; };
		686DA131279F6C3700576175 /* macOS.entitlements */ = {isa = PBXFileReference; lastKnownFileType = text.plist.entitlements; path = macOS.entitlements; sourceTree = "<group>"; };
		686DA146279F6EB200576175 /* StoreKit.framework */ = {isa = PBXFileReference; lastKnownFileType = wrapper.framework; name = StoreKit.framework; path = Platforms/iPhoneOS.platform/Developer/SDKs/iPhoneOS15.2.sdk/System/Library/Frameworks/StoreKit.framework; sourceTree = DEVELOPER_DIR; };
		686DA148279F6EBA00576175 /* StoreKit.framework */ = {isa = PBXFileReference; lastKnownFileType = wrapper.framework; name = StoreKit.framework; path = System/Library/Frameworks/StoreKit.framework; sourceTree = SDKROOT; };
		686DA14A279F6EF700576175 /* Products.plist */ = {isa = PBXFileReference; fileEncoding = 4; lastKnownFileType = text.plist.xml; path = Products.plist; sourceTree = "<group>"; };
		686DA14B279F6EF700576175 /* Products.storekit */ = {isa = PBXFileReference; fileEncoding = 4; lastKnownFileType = text; path = Products.storekit; sourceTree = "<group>"; };
		686DA150279F6F7900576175 /* ProductInfo.swift */ = {isa = PBXFileReference; fileEncoding = 4; lastKnownFileType = sourcecode.swift; path = ProductInfo.swift; sourceTree = "<group>"; };
		686DA153279F724000576175 /* README.md */ = {isa = PBXFileReference; lastKnownFileType = net.daringfireball.markdown; path = README.md; sourceTree = "<group>"; };
		6872BBF827A06A9C00BA26DC /* StoreHelperDemo108.png */ = {isa = PBXFileReference; lastKnownFileType = image.png; path = StoreHelperDemo108.png; sourceTree = "<group>"; };
		6872BBFA27A06A9C00BA26DC /* StoreHelperDemo103.png */ = {isa = PBXFileReference; lastKnownFileType = image.png; path = StoreHelperDemo103.png; sourceTree = "<group>"; };
		6872BBFB27A06A9C00BA26DC /* StoreHelperDemo102.png */ = {isa = PBXFileReference; lastKnownFileType = image.png; path = StoreHelperDemo102.png; sourceTree = "<group>"; };
		6872BBFC27A06A9C00BA26DC /* StoreHelperDemo0.png */ = {isa = PBXFileReference; lastKnownFileType = image.png; path = StoreHelperDemo0.png; sourceTree = "<group>"; };
		6872BBFD27A06A9C00BA26DC /* StoreHelperDemo101.png */ = {isa = PBXFileReference; lastKnownFileType = image.png; path = StoreHelperDemo101.png; sourceTree = "<group>"; };
		6872BBFE27A06A9C00BA26DC /* StoreHelperDemo105.png */ = {isa = PBXFileReference; lastKnownFileType = image.png; path = StoreHelperDemo105.png; sourceTree = "<group>"; };
		6872BBFF27A06A9C00BA26DC /* StoreHelperDemo104.png */ = {isa = PBXFileReference; lastKnownFileType = image.png; path = StoreHelperDemo104.png; sourceTree = "<group>"; };
		6872BC0127A06A9C00BA26DC /* StoreHelperDemo107.png */ = {isa = PBXFileReference; lastKnownFileType = image.png; path = StoreHelperDemo107.png; sourceTree = "<group>"; };
		687943712956475F00637D0F /* Info.plist */ = {isa = PBXFileReference; fileEncoding = 4; lastKnownFileType = text.plist.xml; path = Info.plist; sourceTree = "<group>"; };
		6885967A27A02F9600251729 /* MainView.swift */ = {isa = PBXFileReference; lastKnownFileType = sourcecode.swift; path = MainView.swift; sourceTree = "<group>"; };
		6885967D27A0321C00251729 /* ProductView.swift */ = {isa = PBXFileReference; lastKnownFileType = sourcecode.swift; path = ProductView.swift; sourceTree = "<group>"; };
		6890B16F2813086F00119657 /* StoreKit.framework */ = {isa = PBXFileReference; lastKnownFileType = wrapper.framework; name = StoreKit.framework; path = Platforms/AppleTVOS.platform/Developer/SDKs/AppleTVOS15.4.sdk/System/Library/Frameworks/StoreKit.framework; sourceTree = DEVELOPER_DIR; };
		68B62998290060B0000843FA /* SimplePurchaseView.swift */ = {isa = PBXFileReference; lastKnownFileType = sourcecode.swift; path = SimplePurchaseView.swift; sourceTree = "<group>"; };
		68D2319D29994CA0009F367D /* ProductConfigurationTests.swift */ = {isa = PBXFileReference; fileEncoding = 4; lastKnownFileType = sourcecode.swift; path = ProductConfigurationTests.swift; sourceTree = "<group>"; };
		68D2319E29994CA0009F367D /* PurchaseTests.swift */ = {isa = PBXFileReference; fileEncoding = 4; lastKnownFileType = sourcecode.swift; path = PurchaseTests.swift; sourceTree = "<group>"; };
		68D2319F29994CA0009F367D /* SubscriptionTests.swift */ = {isa = PBXFileReference; fileEncoding = 4; lastKnownFileType = sourcecode.swift; path = SubscriptionTests.swift; sourceTree = "<group>"; };
		68D629D12B7CF7800067ED79 /* StoreKitProductView.swift */ = {isa = PBXFileReference; fileEncoding = 4; lastKnownFileType = sourcecode.swift; path = StoreKitProductView.swift; sourceTree = "<group>"; };
		68D629D22B7CF7800067ED79 /* StoreKitStoreView.swift */ = {isa = PBXFileReference; fileEncoding = 4; lastKnownFileType = sourcecode.swift; path = StoreKitStoreView.swift; sourceTree = "<group>"; };
		68D629D32B7CF7800067ED79 /* StoreKitSubscriptionStoreView.swift */ = {isa = PBXFileReference; fileEncoding = 4; lastKnownFileType = sourcecode.swift; path = StoreKitSubscriptionStoreView.swift; sourceTree = "<group>"; };
		68DB9C55298D282700E3CE23 /* StoreHelperTests.xctest */ = {isa = PBXFileReference; explicitFileType = wrapper.cfbundle; includeInIndex = 0; path = StoreHelperTests.xctest; sourceTree = BUILT_PRODUCTS_DIR; };
		68DB9C5E298D296400E3CE23 /* Configuration.plist */ = {isa = PBXFileReference; fileEncoding = 4; lastKnownFileType = text.plist.xml; path = Configuration.plist; sourceTree = "<group>"; };
		68E622AB27EFB88200836E6F /* SubscriptionView.swift */ = {isa = PBXFileReference; lastKnownFileType = sourcecode.swift; path = SubscriptionView.swift; sourceTree = "<group>"; };
/* End PBXFileReference section */

/* Begin PBXFrameworksBuildPhase section */
		686DA126279F6C3700576175 /* Frameworks */ = {
			isa = PBXFrameworksBuildPhase;
			buildActionMask = 2147483647;
			files = (
				680910002891920300B3A842 /* StoreHelper in Frameworks */,
				68B56A58286DE2020093F3EE /* StoreHelper in Frameworks */,
				686DA147279F6EB200576175 /* StoreKit.framework in Frameworks */,
			);
			runOnlyForDeploymentPostprocessing = 0;
		};
		686DA12C279F6C3700576175 /* Frameworks */ = {
			isa = PBXFrameworksBuildPhase;
			buildActionMask = 2147483647;
			files = (
				68B56A5A286DE20F0093F3EE /* StoreHelper in Frameworks */,
				686DA149279F6EBA00576175 /* StoreKit.framework in Frameworks */,
			);
			runOnlyForDeploymentPostprocessing = 0;
		};
		68DB9C52298D282700E3CE23 /* Frameworks */ = {
			isa = PBXFrameworksBuildPhase;
			buildActionMask = 2147483647;
			files = (
			);
			runOnlyForDeploymentPostprocessing = 0;
		};
/* End PBXFrameworksBuildPhase section */

/* Begin PBXGroup section */
		686DA11C279F6C3600576175 = {
			isa = PBXGroup;
			children = (
				686DA153279F724000576175 /* README.md */,
				6872BBF727A06A9C00BA26DC /* readme-assets */,
				686DA121279F6C3600576175 /* Shared */,
				686DA130279F6C3700576175 /* macOS */,
				68DB9C56298D282700E3CE23 /* StoreHelperTests */,
				686DA12A279F6C3700576175 /* Products */,
				686DA143279F6E9600576175 /* Frameworks */,
			);
			sourceTree = "<group>";
		};
		686DA121279F6C3600576175 /* Shared */ = {
			isa = PBXGroup;
			children = (
				68DB9C5E298D296400E3CE23 /* Configuration.plist */,
				687943712956475F00637D0F /* Info.plist */,
				686DA14A279F6EF700576175 /* Products.plist */,
				686DA14B279F6EF700576175 /* Products.storekit */,
				686DA123279F6C3600576175 /* ContentView.swift */,
				6885967A27A02F9600251729 /* MainView.swift */,
				686DA150279F6F7900576175 /* ProductInfo.swift */,
				6885967D27A0321C00251729 /* ProductView.swift */,
				68B62998290060B0000843FA /* SimplePurchaseView.swift */,
				686DA122279F6C3600576175 /* StoreHelperDemoApp.swift */,
				68D629D12B7CF7800067ED79 /* StoreKitProductView.swift */,
				68D629D22B7CF7800067ED79 /* StoreKitStoreView.swift */,
				68D629D32B7CF7800067ED79 /* StoreKitSubscriptionStoreView.swift */,
				68E622AB27EFB88200836E6F /* SubscriptionView.swift */,
				686DA124279F6C3700576175 /* Assets.xcassets */,
			);
			path = Shared;
			sourceTree = "<group>";
		};
		686DA12A279F6C3700576175 /* Products */ = {
			isa = PBXGroup;
			children = (
				686DA129279F6C3700576175 /* StoreHelperDemo.app */,
				686DA12F279F6C3700576175 /* StoreHelperDemo.app */,
				68DB9C55298D282700E3CE23 /* StoreHelperTests.xctest */,
			);
			name = Products;
			sourceTree = "<group>";
		};
		686DA130279F6C3700576175 /* macOS */ = {
			isa = PBXGroup;
			children = (
				686DA131279F6C3700576175 /* macOS.entitlements */,
			);
			path = macOS;
			sourceTree = "<group>";
		};
		686DA143279F6E9600576175 /* Frameworks */ = {
			isa = PBXGroup;
			children = (
				6890B16F2813086F00119657 /* StoreKit.framework */,
				686DA148279F6EBA00576175 /* StoreKit.framework */,
				686DA146279F6EB200576175 /* StoreKit.framework */,
			);
			name = Frameworks;
			sourceTree = "<group>";
		};
		6872BBF727A06A9C00BA26DC /* readme-assets */ = {
			isa = PBXGroup;
			children = (
				6872BBF827A06A9C00BA26DC /* StoreHelperDemo108.png */,
				6872BBFA27A06A9C00BA26DC /* StoreHelperDemo103.png */,
				6872BBFB27A06A9C00BA26DC /* StoreHelperDemo102.png */,
				6872BBFC27A06A9C00BA26DC /* StoreHelperDemo0.png */,
				6872BBFD27A06A9C00BA26DC /* StoreHelperDemo101.png */,
				6872BBFE27A06A9C00BA26DC /* StoreHelperDemo105.png */,
				6872BBFF27A06A9C00BA26DC /* StoreHelperDemo104.png */,
				6872BC0127A06A9C00BA26DC /* StoreHelperDemo107.png */,
			);
			path = "readme-assets";
			sourceTree = "<group>";
		};
		68DB9C56298D282700E3CE23 /* StoreHelperTests */ = {
			isa = PBXGroup;
			children = (
				68D2319D29994CA0009F367D /* ProductConfigurationTests.swift */,
				68D2319E29994CA0009F367D /* PurchaseTests.swift */,
				68D2319F29994CA0009F367D /* SubscriptionTests.swift */,
			);
			path = StoreHelperTests;
			sourceTree = "<group>";
		};
/* End PBXGroup section */

/* Begin PBXNativeTarget section */
		686DA128279F6C3700576175 /* StoreHelperDemo (iOS) */ = {
			isa = PBXNativeTarget;
			buildConfigurationList = 686DA13A279F6C3700576175 /* Build configuration list for PBXNativeTarget "StoreHelperDemo (iOS)" */;
			buildPhases = (
				686DA125279F6C3700576175 /* Sources */,
				686DA126279F6C3700576175 /* Frameworks */,
				686DA127279F6C3700576175 /* Resources */,
			);
			buildRules = (
			);
			dependencies = (
			);
			name = "StoreHelperDemo (iOS)";
			packageProductDependencies = (
				68B56A57286DE2020093F3EE /* StoreHelper */,
				68090FFF2891920300B3A842 /* StoreHelper */,
			);
			productName = "StoreHelperDemo (iOS)";
			productReference = 686DA129279F6C3700576175 /* StoreHelperDemo.app */;
			productType = "com.apple.product-type.application";
		};
		686DA12E279F6C3700576175 /* StoreHelperDemo (macOS) */ = {
			isa = PBXNativeTarget;
			buildConfigurationList = 686DA13D279F6C3700576175 /* Build configuration list for PBXNativeTarget "StoreHelperDemo (macOS)" */;
			buildPhases = (
				686DA12B279F6C3700576175 /* Sources */,
				686DA12C279F6C3700576175 /* Frameworks */,
				686DA12D279F6C3700576175 /* Resources */,
			);
			buildRules = (
			);
			dependencies = (
			);
			name = "StoreHelperDemo (macOS)";
			packageProductDependencies = (
				68B56A59286DE20F0093F3EE /* StoreHelper */,
			);
			productName = "StoreHelperDemo (macOS)";
			productReference = 686DA12F279F6C3700576175 /* StoreHelperDemo.app */;
			productType = "com.apple.product-type.application";
		};
		68DB9C54298D282700E3CE23 /* StoreHelperTests */ = {
			isa = PBXNativeTarget;
			buildConfigurationList = 68DB9C5D298D282700E3CE23 /* Build configuration list for PBXNativeTarget "StoreHelperTests" */;
			buildPhases = (
				68DB9C51298D282700E3CE23 /* Sources */,
				68DB9C52298D282700E3CE23 /* Frameworks */,
				68DB9C53298D282700E3CE23 /* Resources */,
			);
			buildRules = (
			);
			dependencies = (
				68DB9C5A298D282700E3CE23 /* PBXTargetDependency */,
			);
			name = StoreHelperTests;
			productName = StoreHelperTests;
			productReference = 68DB9C55298D282700E3CE23 /* StoreHelperTests.xctest */;
			productType = "com.apple.product-type.bundle.unit-test";
		};
/* End PBXNativeTarget section */

/* Begin PBXProject section */
		686DA11D279F6C3600576175 /* Project object */ = {
			isa = PBXProject;
			attributes = {
				BuildIndependentTargetsInParallel = 1;
				LastSwiftUpdateCheck = 1420;
				LastUpgradeCheck = 1520;
				TargetAttributes = {
					686DA128279F6C3700576175 = {
						CreatedOnToolsVersion = 13.2;
					};
					686DA12E279F6C3700576175 = {
						CreatedOnToolsVersion = 13.2;
					};
					68DB9C54298D282700E3CE23 = {
						CreatedOnToolsVersion = 14.2;
						LastSwiftMigration = 1420;
						TestTargetID = 686DA128279F6C3700576175;
					};
				};
			};
			buildConfigurationList = 686DA120279F6C3600576175 /* Build configuration list for PBXProject "StoreHelperDemo" */;
			compatibilityVersion = "Xcode 13.0";
			developmentRegion = en;
			hasScannedForEncodings = 0;
			knownRegions = (
				en,
				Base,
			);
			mainGroup = 686DA11C279F6C3600576175;
			packageReferences = (
				68090FFE2891920300B3A842 /* XCRemoteSwiftPackageReference "StoreHelper" */,
			);
			productRefGroup = 686DA12A279F6C3700576175 /* Products */;
			projectDirPath = "";
			projectRoot = "";
			targets = (
				686DA128279F6C3700576175 /* StoreHelperDemo (iOS) */,
				686DA12E279F6C3700576175 /* StoreHelperDemo (macOS) */,
				68DB9C54298D282700E3CE23 /* StoreHelperTests */,
			);
		};
/* End PBXProject section */

/* Begin PBXResourcesBuildPhase section */
		686DA127279F6C3700576175 /* Resources */ = {
			isa = PBXResourcesBuildPhase;
			buildActionMask = 2147483647;
			files = (
				686DA14C279F6EF700576175 /* Products.plist in Resources */,
				68DB9C5F298D296400E3CE23 /* Configuration.plist in Resources */,
				686DA14E279F6EF700576175 /* Products.storekit in Resources */,
				686DA136279F6C3700576175 /* Assets.xcassets in Resources */,
			);
			runOnlyForDeploymentPostprocessing = 0;
		};
		686DA12D279F6C3700576175 /* Resources */ = {
			isa = PBXResourcesBuildPhase;
			buildActionMask = 2147483647;
			files = (
				686DA14D279F6EF700576175 /* Products.plist in Resources */,
				68DB9C60298D296400E3CE23 /* Configuration.plist in Resources */,
				686DA14F279F6EF700576175 /* Products.storekit in Resources */,
				686DA137279F6C3700576175 /* Assets.xcassets in Resources */,
			);
			runOnlyForDeploymentPostprocessing = 0;
		};
		68DB9C53298D282700E3CE23 /* Resources */ = {
			isa = PBXResourcesBuildPhase;
			buildActionMask = 2147483647;
			files = (
			);
			runOnlyForDeploymentPostprocessing = 0;
		};
/* End PBXResourcesBuildPhase section */

/* Begin PBXSourcesBuildPhase section */
		686DA125279F6C3700576175 /* Sources */ = {
			isa = PBXSourcesBuildPhase;
			buildActionMask = 2147483647;
			files = (
				68D629D62B7CF7800067ED79 /* StoreKitStoreView.swift in Sources */,
				686DA151279F6F7900576175 /* ProductInfo.swift in Sources */,
				68D629D82B7CF7800067ED79 /* StoreKitSubscriptionStoreView.swift in Sources */,
				6885967B27A02F9600251729 /* MainView.swift in Sources */,
				6885967E27A0321C00251729 /* ProductView.swift in Sources */,
				686DA134279F6C3700576175 /* ContentView.swift in Sources */,
				686DA132279F6C3700576175 /* StoreHelperDemoApp.swift in Sources */,
				68D629D42B7CF7800067ED79 /* StoreKitProductView.swift in Sources */,
				68E622AC27EFB88200836E6F /* SubscriptionView.swift in Sources */,
				68B62999290060B0000843FA /* SimplePurchaseView.swift in Sources */,
			);
			runOnlyForDeploymentPostprocessing = 0;
		};
		686DA12B279F6C3700576175 /* Sources */ = {
			isa = PBXSourcesBuildPhase;
			buildActionMask = 2147483647;
			files = (
				68D629D72B7CF7800067ED79 /* StoreKitStoreView.swift in Sources */,
				686DA152279F6F7900576175 /* ProductInfo.swift in Sources */,
				68D629D92B7CF7800067ED79 /* StoreKitSubscriptionStoreView.swift in Sources */,
				6885967C27A02F9600251729 /* MainView.swift in Sources */,
				6885967F27A0321C00251729 /* ProductView.swift in Sources */,
				686DA135279F6C3700576175 /* ContentView.swift in Sources */,
				686DA133279F6C3700576175 /* StoreHelperDemoApp.swift in Sources */,
				68D629D52B7CF7800067ED79 /* StoreKitProductView.swift in Sources */,
				68E622AD27EFB88200836E6F /* SubscriptionView.swift in Sources */,
				68B6299A290060B0000843FA /* SimplePurchaseView.swift in Sources */,
			);
			runOnlyForDeploymentPostprocessing = 0;
		};
		68DB9C51298D282700E3CE23 /* Sources */ = {
			isa = PBXSourcesBuildPhase;
			buildActionMask = 2147483647;
			files = (
				68D231A129994CA0009F367D /* PurchaseTests.swift in Sources */,
				68D231A229994CA0009F367D /* SubscriptionTests.swift in Sources */,
				68D231A029994CA0009F367D /* ProductConfigurationTests.swift in Sources */,
			);
			runOnlyForDeploymentPostprocessing = 0;
		};
/* End PBXSourcesBuildPhase section */

/* Begin PBXTargetDependency section */
		68DB9C5A298D282700E3CE23 /* PBXTargetDependency */ = {
			isa = PBXTargetDependency;
			target = 686DA128279F6C3700576175 /* StoreHelperDemo (iOS) */;
			targetProxy = 68DB9C59298D282700E3CE23 /* PBXContainerItemProxy */;
		};
/* End PBXTargetDependency section */

/* Begin XCBuildConfiguration section */
		686DA138279F6C3700576175 /* Debug */ = {
			isa = XCBuildConfiguration;
			buildSettings = {
				ALWAYS_SEARCH_USER_PATHS = NO;
				CLANG_ANALYZER_NONNULL = YES;
				CLANG_ANALYZER_NUMBER_OBJECT_CONVERSION = YES_AGGRESSIVE;
				CLANG_CXX_LANGUAGE_STANDARD = "gnu++17";
				CLANG_CXX_LIBRARY = "libc++";
				CLANG_ENABLE_MODULES = YES;
				CLANG_ENABLE_OBJC_ARC = YES;
				CLANG_ENABLE_OBJC_WEAK = YES;
				CLANG_WARN_BLOCK_CAPTURE_AUTORELEASING = YES;
				CLANG_WARN_BOOL_CONVERSION = YES;
				CLANG_WARN_COMMA = YES;
				CLANG_WARN_CONSTANT_CONVERSION = YES;
				CLANG_WARN_DEPRECATED_OBJC_IMPLEMENTATIONS = YES;
				CLANG_WARN_DIRECT_OBJC_ISA_USAGE = YES_ERROR;
				CLANG_WARN_DOCUMENTATION_COMMENTS = YES;
				CLANG_WARN_EMPTY_BODY = YES;
				CLANG_WARN_ENUM_CONVERSION = YES;
				CLANG_WARN_INFINITE_RECURSION = YES;
				CLANG_WARN_INT_CONVERSION = YES;
				CLANG_WARN_NON_LITERAL_NULL_CONVERSION = YES;
				CLANG_WARN_OBJC_IMPLICIT_RETAIN_SELF = YES;
				CLANG_WARN_OBJC_LITERAL_CONVERSION = YES;
				CLANG_WARN_OBJC_ROOT_CLASS = YES_ERROR;
				CLANG_WARN_QUOTED_INCLUDE_IN_FRAMEWORK_HEADER = YES;
				CLANG_WARN_RANGE_LOOP_ANALYSIS = YES;
				CLANG_WARN_STRICT_PROTOTYPES = YES;
				CLANG_WARN_SUSPICIOUS_MOVE = YES;
				CLANG_WARN_UNGUARDED_AVAILABILITY = YES_AGGRESSIVE;
				CLANG_WARN_UNREACHABLE_CODE = YES;
				CLANG_WARN__DUPLICATE_METHOD_MATCH = YES;
				COPY_PHASE_STRIP = NO;
				DEAD_CODE_STRIPPING = YES;
				DEBUG_INFORMATION_FORMAT = dwarf;
				ENABLE_STRICT_OBJC_MSGSEND = YES;
				ENABLE_TESTABILITY = YES;
				ENABLE_USER_SCRIPT_SANDBOXING = YES;
				GCC_C_LANGUAGE_STANDARD = gnu11;
				GCC_DYNAMIC_NO_PIC = NO;
				GCC_NO_COMMON_BLOCKS = YES;
				GCC_OPTIMIZATION_LEVEL = 0;
				GCC_PREPROCESSOR_DEFINITIONS = (
					"DEBUG=1",
					"$(inherited)",
				);
				GCC_WARN_64_TO_32_BIT_CONVERSION = YES;
				GCC_WARN_ABOUT_RETURN_TYPE = YES_ERROR;
				GCC_WARN_UNDECLARED_SELECTOR = YES;
				GCC_WARN_UNINITIALIZED_AUTOS = YES_AGGRESSIVE;
				GCC_WARN_UNUSED_FUNCTION = YES;
				GCC_WARN_UNUSED_VARIABLE = YES;
				MTL_ENABLE_DEBUG_INFO = INCLUDE_SOURCE;
				MTL_FAST_MATH = YES;
				ONLY_ACTIVE_ARCH = YES;
				SWIFT_ACTIVE_COMPILATION_CONDITIONS = DEBUG;
				SWIFT_OPTIMIZATION_LEVEL = "-Onone";
			};
			name = Debug;
		};
		686DA139279F6C3700576175 /* Release */ = {
			isa = XCBuildConfiguration;
			buildSettings = {
				ALWAYS_SEARCH_USER_PATHS = NO;
				CLANG_ANALYZER_NONNULL = YES;
				CLANG_ANALYZER_NUMBER_OBJECT_CONVERSION = YES_AGGRESSIVE;
				CLANG_CXX_LANGUAGE_STANDARD = "gnu++17";
				CLANG_CXX_LIBRARY = "libc++";
				CLANG_ENABLE_MODULES = YES;
				CLANG_ENABLE_OBJC_ARC = YES;
				CLANG_ENABLE_OBJC_WEAK = YES;
				CLANG_WARN_BLOCK_CAPTURE_AUTORELEASING = YES;
				CLANG_WARN_BOOL_CONVERSION = YES;
				CLANG_WARN_COMMA = YES;
				CLANG_WARN_CONSTANT_CONVERSION = YES;
				CLANG_WARN_DEPRECATED_OBJC_IMPLEMENTATIONS = YES;
				CLANG_WARN_DIRECT_OBJC_ISA_USAGE = YES_ERROR;
				CLANG_WARN_DOCUMENTATION_COMMENTS = YES;
				CLANG_WARN_EMPTY_BODY = YES;
				CLANG_WARN_ENUM_CONVERSION = YES;
				CLANG_WARN_INFINITE_RECURSION = YES;
				CLANG_WARN_INT_CONVERSION = YES;
				CLANG_WARN_NON_LITERAL_NULL_CONVERSION = YES;
				CLANG_WARN_OBJC_IMPLICIT_RETAIN_SELF = YES;
				CLANG_WARN_OBJC_LITERAL_CONVERSION = YES;
				CLANG_WARN_OBJC_ROOT_CLASS = YES_ERROR;
				CLANG_WARN_QUOTED_INCLUDE_IN_FRAMEWORK_HEADER = YES;
				CLANG_WARN_RANGE_LOOP_ANALYSIS = YES;
				CLANG_WARN_STRICT_PROTOTYPES = YES;
				CLANG_WARN_SUSPICIOUS_MOVE = YES;
				CLANG_WARN_UNGUARDED_AVAILABILITY = YES_AGGRESSIVE;
				CLANG_WARN_UNREACHABLE_CODE = YES;
				CLANG_WARN__DUPLICATE_METHOD_MATCH = YES;
				COPY_PHASE_STRIP = NO;
				DEAD_CODE_STRIPPING = YES;
				DEBUG_INFORMATION_FORMAT = "dwarf-with-dsym";
				ENABLE_NS_ASSERTIONS = NO;
				ENABLE_STRICT_OBJC_MSGSEND = YES;
				ENABLE_USER_SCRIPT_SANDBOXING = YES;
				GCC_C_LANGUAGE_STANDARD = gnu11;
				GCC_NO_COMMON_BLOCKS = YES;
				GCC_WARN_64_TO_32_BIT_CONVERSION = YES;
				GCC_WARN_ABOUT_RETURN_TYPE = YES_ERROR;
				GCC_WARN_UNDECLARED_SELECTOR = YES;
				GCC_WARN_UNINITIALIZED_AUTOS = YES_AGGRESSIVE;
				GCC_WARN_UNUSED_FUNCTION = YES;
				GCC_WARN_UNUSED_VARIABLE = YES;
				MTL_ENABLE_DEBUG_INFO = NO;
				MTL_FAST_MATH = YES;
				SWIFT_COMPILATION_MODE = wholemodule;
				SWIFT_OPTIMIZATION_LEVEL = "-O";
			};
			name = Release;
		};
		686DA13B279F6C3700576175 /* Debug */ = {
			isa = XCBuildConfiguration;
			buildSettings = {
				ASSETCATALOG_COMPILER_APPICON_NAME = AppIcon;
				ASSETCATALOG_COMPILER_GLOBAL_ACCENT_COLOR_NAME = AccentColor;
				CODE_SIGN_STYLE = Automatic;
				CREATE_INFOPLIST_SECTION_IN_BINARY = NO;
				CURRENT_PROJECT_VERSION = 1;
				DEVELOPMENT_TEAM = R6BE99W3FU;
				ENABLE_PREVIEWS = YES;
				GENERATE_INFOPLIST_FILE = YES;
				INFOPLIST_FILE = "$(SRCROOT)/Shared/Info.plist";
				INFOPLIST_KEY_UIApplicationSupportsIndirectInputEvents = YES;
				INFOPLIST_KEY_UILaunchScreen_Generation = YES;
				INFOPLIST_KEY_UISupportedInterfaceOrientations_iPad = "UIInterfaceOrientationPortrait UIInterfaceOrientationPortraitUpsideDown UIInterfaceOrientationLandscapeLeft UIInterfaceOrientationLandscapeRight";
				INFOPLIST_KEY_UISupportedInterfaceOrientations_iPhone = "UIInterfaceOrientationPortrait UIInterfaceOrientationLandscapeLeft UIInterfaceOrientationLandscapeRight";
				IPHONEOS_DEPLOYMENT_TARGET = 17.0;
				LD_RUNPATH_SEARCH_PATHS = (
					"$(inherited)",
					"@executable_path/Frameworks",
				);
				MARKETING_VERSION = 1.0;
				PRODUCT_BUNDLE_IDENTIFIER = com.rarcher.StoreHelperDemo;
				PRODUCT_NAME = StoreHelperDemo;
				SDKROOT = iphoneos;
				SUPPORTED_PLATFORMS = "iphoneos iphonesimulator";
				SUPPORTS_MACCATALYST = NO;
				SUPPORTS_MAC_DESIGNED_FOR_IPHONE_IPAD = NO;
				SWIFT_EMIT_LOC_STRINGS = YES;
				SWIFT_VERSION = 5.0;
				TARGETED_DEVICE_FAMILY = "1,2";
			};
			name = Debug;
		};
		686DA13C279F6C3700576175 /* Release */ = {
			isa = XCBuildConfiguration;
			buildSettings = {
				ASSETCATALOG_COMPILER_APPICON_NAME = AppIcon;
				ASSETCATALOG_COMPILER_GLOBAL_ACCENT_COLOR_NAME = AccentColor;
				CODE_SIGN_STYLE = Automatic;
				CREATE_INFOPLIST_SECTION_IN_BINARY = NO;
				CURRENT_PROJECT_VERSION = 1;
				DEVELOPMENT_TEAM = R6BE99W3FU;
				ENABLE_PREVIEWS = YES;
				GENERATE_INFOPLIST_FILE = YES;
				INFOPLIST_FILE = "$(SRCROOT)/Shared/Info.plist";
				INFOPLIST_KEY_UIApplicationSupportsIndirectInputEvents = YES;
				INFOPLIST_KEY_UILaunchScreen_Generation = YES;
				INFOPLIST_KEY_UISupportedInterfaceOrientations_iPad = "UIInterfaceOrientationPortrait UIInterfaceOrientationPortraitUpsideDown UIInterfaceOrientationLandscapeLeft UIInterfaceOrientationLandscapeRight";
				INFOPLIST_KEY_UISupportedInterfaceOrientations_iPhone = "UIInterfaceOrientationPortrait UIInterfaceOrientationLandscapeLeft UIInterfaceOrientationLandscapeRight";
				IPHONEOS_DEPLOYMENT_TARGET = 17.0;
				LD_RUNPATH_SEARCH_PATHS = (
					"$(inherited)",
					"@executable_path/Frameworks",
				);
				MARKETING_VERSION = 1.0;
				PRODUCT_BUNDLE_IDENTIFIER = com.rarcher.StoreHelperDemo;
				PRODUCT_NAME = StoreHelperDemo;
				SDKROOT = iphoneos;
				SUPPORTED_PLATFORMS = "iphoneos iphonesimulator";
				SUPPORTS_MACCATALYST = NO;
				SUPPORTS_MAC_DESIGNED_FOR_IPHONE_IPAD = NO;
				SWIFT_EMIT_LOC_STRINGS = YES;
				SWIFT_VERSION = 5.0;
				TARGETED_DEVICE_FAMILY = "1,2";
				VALIDATE_PRODUCT = YES;
			};
			name = Release;
		};
		686DA13E279F6C3700576175 /* Debug */ = {
			isa = XCBuildConfiguration;
			buildSettings = {
				ASSETCATALOG_COMPILER_APPICON_NAME = AppIcon;
				ASSETCATALOG_COMPILER_GLOBAL_ACCENT_COLOR_NAME = AccentColor;
				CODE_SIGN_ENTITLEMENTS = macOS/macOS.entitlements;
				CODE_SIGN_IDENTITY = "Apple Development";
				CODE_SIGN_STYLE = Automatic;
				COMBINE_HIDPI_IMAGES = YES;
				CURRENT_PROJECT_VERSION = 1;
				DEAD_CODE_STRIPPING = YES;
				DEVELOPMENT_TEAM = R6BE99W3FU;
				ENABLE_HARDENED_RUNTIME = YES;
				ENABLE_PREVIEWS = YES;
				GENERATE_INFOPLIST_FILE = YES;
				INFOPLIST_KEY_NSHumanReadableCopyright = "";
				LD_RUNPATH_SEARCH_PATHS = (
					"$(inherited)",
					"@executable_path/../Frameworks",
				);
				MACOSX_DEPLOYMENT_TARGET = 14.0;
				MARKETING_VERSION = 1.0;
				PRODUCT_BUNDLE_IDENTIFIER = com.rarcher.StoreHelperDemo;
				PRODUCT_NAME = StoreHelperDemo;
				SDKROOT = macosx;
				SWIFT_EMIT_LOC_STRINGS = YES;
				SWIFT_VERSION = 5.0;
			};
			name = Debug;
		};
		686DA13F279F6C3700576175 /* Release */ = {
			isa = XCBuildConfiguration;
			buildSettings = {
				ASSETCATALOG_COMPILER_APPICON_NAME = AppIcon;
				ASSETCATALOG_COMPILER_GLOBAL_ACCENT_COLOR_NAME = AccentColor;
				CODE_SIGN_ENTITLEMENTS = macOS/macOS.entitlements;
				CODE_SIGN_IDENTITY = "Apple Development";
				CODE_SIGN_STYLE = Automatic;
				COMBINE_HIDPI_IMAGES = YES;
				CURRENT_PROJECT_VERSION = 1;
				DEAD_CODE_STRIPPING = YES;
				DEVELOPMENT_TEAM = R6BE99W3FU;
				ENABLE_HARDENED_RUNTIME = YES;
				ENABLE_PREVIEWS = YES;
				GENERATE_INFOPLIST_FILE = YES;
				INFOPLIST_KEY_NSHumanReadableCopyright = "";
				LD_RUNPATH_SEARCH_PATHS = (
					"$(inherited)",
					"@executable_path/../Frameworks",
				);
				MACOSX_DEPLOYMENT_TARGET = 14.0;
				MARKETING_VERSION = 1.0;
				PRODUCT_BUNDLE_IDENTIFIER = com.rarcher.StoreHelperDemo;
				PRODUCT_NAME = StoreHelperDemo;
				SDKROOT = macosx;
				SWIFT_EMIT_LOC_STRINGS = YES;
				SWIFT_VERSION = 5.0;
			};
			name = Release;
		};
		68DB9C5B298D282700E3CE23 /* Debug */ = {
			isa = XCBuildConfiguration;
			buildSettings = {
				BUNDLE_LOADER = "$(TEST_HOST)";
				CLANG_CXX_LANGUAGE_STANDARD = "gnu++20";
				CLANG_ENABLE_MODULES = YES;
				CODE_SIGN_STYLE = Automatic;
				CURRENT_PROJECT_VERSION = 1;
				DEVELOPMENT_TEAM = R6BE99W3FU;
				GENERATE_INFOPLIST_FILE = YES;
				IPHONEOS_DEPLOYMENT_TARGET = 16.2;
				LD_RUNPATH_SEARCH_PATHS = (
					"$(inherited)",
					"@executable_path/Frameworks",
					"@loader_path/Frameworks",
				);
				MARKETING_VERSION = 1.0;
				PRODUCT_BUNDLE_IDENTIFIER = com.rarcher.StoreHelperTests;
				PRODUCT_NAME = "$(TARGET_NAME)";
				SDKROOT = iphoneos;
				SUPPORTED_PLATFORMS = "iphoneos iphonesimulator macosx";
				SUPPORTS_MACCATALYST = NO;
				SUPPORTS_MAC_DESIGNED_FOR_IPHONE_IPAD = NO;
				SWIFT_EMIT_LOC_STRINGS = NO;
				SWIFT_OPTIMIZATION_LEVEL = "-Onone";
				SWIFT_VERSION = 5.0;
				TARGETED_DEVICE_FAMILY = "1,2";
				TEST_HOST = "$(BUILT_PRODUCTS_DIR)/StoreHelperDemo.app/$(BUNDLE_EXECUTABLE_FOLDER_PATH)/StoreHelperDemo";
			};
			name = Debug;
		};
		68DB9C5C298D282700E3CE23 /* Release */ = {
			isa = XCBuildConfiguration;
			buildSettings = {
				BUNDLE_LOADER = "$(TEST_HOST)";
				CLANG_CXX_LANGUAGE_STANDARD = "gnu++20";
				CLANG_ENABLE_MODULES = YES;
				CODE_SIGN_STYLE = Automatic;
				CURRENT_PROJECT_VERSION = 1;
				DEVELOPMENT_TEAM = R6BE99W3FU;
				GENERATE_INFOPLIST_FILE = YES;
				IPHONEOS_DEPLOYMENT_TARGET = 16.2;
				LD_RUNPATH_SEARCH_PATHS = (
					"$(inherited)",
					"@executable_path/Frameworks",
					"@loader_path/Frameworks",
				);
				MARKETING_VERSION = 1.0;
				PRODUCT_BUNDLE_IDENTIFIER = com.rarcher.StoreHelperTests;
				PRODUCT_NAME = "$(TARGET_NAME)";
				SDKROOT = iphoneos;
				SUPPORTED_PLATFORMS = "iphoneos iphonesimulator macosx";
				SUPPORTS_MACCATALYST = NO;
				SUPPORTS_MAC_DESIGNED_FOR_IPHONE_IPAD = NO;
				SWIFT_EMIT_LOC_STRINGS = NO;
				SWIFT_VERSION = 5.0;
				TARGETED_DEVICE_FAMILY = "1,2";
				TEST_HOST = "$(BUILT_PRODUCTS_DIR)/StoreHelperDemo.app/$(BUNDLE_EXECUTABLE_FOLDER_PATH)/StoreHelperDemo";
				VALIDATE_PRODUCT = YES;
			};
			name = Release;
		};
/* End XCBuildConfiguration section */

/* Begin XCConfigurationList section */
		686DA120279F6C3600576175 /* Build configuration list for PBXProject "StoreHelperDemo" */ = {
			isa = XCConfigurationList;
			buildConfigurations = (
				686DA138279F6C3700576175 /* Debug */,
				686DA139279F6C3700576175 /* Release */,
			);
			defaultConfigurationIsVisible = 0;
			defaultConfigurationName = Release;
		};
		686DA13A279F6C3700576175 /* Build configuration list for PBXNativeTarget "StoreHelperDemo (iOS)" */ = {
			isa = XCConfigurationList;
			buildConfigurations = (
				686DA13B279F6C3700576175 /* Debug */,
				686DA13C279F6C3700576175 /* Release */,
			);
			defaultConfigurationIsVisible = 0;
			defaultConfigurationName = Release;
		};
		686DA13D279F6C3700576175 /* Build configuration list for PBXNativeTarget "StoreHelperDemo (macOS)" */ = {
			isa = XCConfigurationList;
			buildConfigurations = (
				686DA13E279F6C3700576175 /* Debug */,
				686DA13F279F6C3700576175 /* Release */,
			);
			defaultConfigurationIsVisible = 0;
			defaultConfigurationName = Release;
		};
		68DB9C5D298D282700E3CE23 /* Build configuration list for PBXNativeTarget "StoreHelperTests" */ = {
			isa = XCConfigurationList;
			buildConfigurations = (
				68DB9C5B298D282700E3CE23 /* Debug */,
				68DB9C5C298D282700E3CE23 /* Release */,
			);
			defaultConfigurationIsVisible = 0;
			defaultConfigurationName = Release;
		};
/* End XCConfigurationList section */

/* Begin XCRemoteSwiftPackageReference section */
		68090FFE2891920300B3A842 /* XCRemoteSwiftPackageReference "StoreHelper" */ = {
			isa = XCRemoteSwiftPackageReference;
			repositoryURL = "https://github.com/russell-archer/StoreHelper.git";
			requirement = {
				branch = main;
				kind = branch;
			};
		};
/* End XCRemoteSwiftPackageReference section */

/* Begin XCSwiftPackageProductDependency section */
		68090FFF2891920300B3A842 /* StoreHelper */ = {
			isa = XCSwiftPackageProductDependency;
			package = 68090FFE2891920300B3A842 /* XCRemoteSwiftPackageReference "StoreHelper" */;
			productName = StoreHelper;
		};
		68B56A57286DE2020093F3EE /* StoreHelper */ = {
			isa = XCSwiftPackageProductDependency;
			productName = StoreHelper;
		};
		68B56A59286DE20F0093F3EE /* StoreHelper */ = {
			isa = XCSwiftPackageProductDependency;
			productName = StoreHelper;
		};
/* End XCSwiftPackageProductDependency section */
	};
	rootObject = 686DA11D279F6C3600576175 /* Project object */;
}
